
Microsoft Visual Studio Solution File, Format Version 12.00
Project("{FAE04EC0-301F-11D3-BF4B-00C04F79EFBC}") = "Webinex.Simply.All", "Webinex.Simply.All\Webinex.Simply.All.csproj", "{C536C1C3-DF7F-470A-9963-28723EC93672}"
EndProject
Project("{FAE04EC0-301F-11D3-BF4B-00C04F79EFBC}") = "Webinex.Simply", "Webinex.Simply\Webinex.Simply.csproj", "{090CAC47-F77A-409C-BD97-657EA7FDCFAC}"
EndProject
Project("{FAE04EC0-301F-11D3-BF4B-00C04F79EFBC}") = "Webinex.Simply.AspNetCore", "Webinex.Simply.AspNetCore\Webinex.Simply.AspNetCore.csproj", "{007A918B-6ADB-4434-8D70-43789385AEE0}"
EndProject
Project("{FAE04EC0-301F-11D3-BF4B-00C04F79EFBC}") = "Webinex.Simply.Example", "Webinex.Simply.Example\Webinex.Simply.Example.csproj", "{CAEE2B36-ECA2-4540-99A9-4FF83EA7970E}"
EndProject
Global
	GlobalSection(SolutionConfigurationPlatforms) = preSolution
		Debug|Any CPU = Debug|Any CPU
		Release|Any CPU = Release|Any CPU
	EndGlobalSection
	GlobalSection(ProjectConfigurationPlatforms) = postSolution
		{C536C1C3-DF7F-470A-9963-28723EC93672}.Debug|Any CPU.ActiveCfg = Debug|Any CPU
		{C536C1C3-DF7F-470A-9963-28723EC93672}.Debug|Any CPU.Build.0 = Debug|Any CPU
		{C536C1C3-DF7F-470A-9963-28723EC93672}.Release|Any CPU.ActiveCfg = Release|Any CPU
		{C536C1C3-DF7F-470A-9963-28723EC93672}.Release|Any CPU.Build.0 = Release|Any CPU
		{090CAC47-F77A-409C-BD97-657EA7FDCFAC}.Debug|Any CPU.ActiveCfg = Debug|Any CPU
		{090CAC47-F77A-409C-BD97-657EA7FDCFAC}.Debug|Any CPU.Build.0 = Debug|Any CPU
		{090CAC47-F77A-409C-BD97-657EA7FDCFAC}.Release|Any CPU.ActiveCfg = Release|Any CPU
		{090CAC47-F77A-409C-BD97-657EA7FDCFAC}.Release|Any CPU.Build.0 = Release|Any CPU
		{007A918B-6ADB-4434-8D70-43789385AEE0}.Debug|Any CPU.ActiveCfg = Debug|Any CPU
		{007A918B-6ADB-4434-8D70-43789385AEE0}.Debug|Any CPU.Build.0 = Debug|Any CPU
		{007A918B-6ADB-4434-8D70-43789385AEE0}.Release|Any CPU.ActiveCfg = Release|Any CPU
		{007A918B-6ADB-4434-8D70-43789385AEE0}.Release|Any CPU.Build.0 = Release|Any CPU
		{CAEE2B36-ECA2-4540-99A9-4FF83EA7970E}.Debug|Any CPU.ActiveCfg = Debug|Any CPU
		{CAEE2B36-ECA2-4540-99A9-4FF83EA7970E}.Debug|Any CPU.Build.0 = Debug|Any CPU
		{CAEE2B36-ECA2-4540-99A9-4FF83EA7970E}.Release|Any CPU.ActiveCfg = Release|Any CPU
		{CAEE2B36-ECA2-4540-99A9-4FF83EA7970E}.Release|Any CPU.Build.0 = Release|Any CPU
	EndGlobalSection
EndGlobal
